
Microsoft Visual Studio Solution File, Format Version 12.00
# Visual Studio Version 17
VisualStudioVersion = 17.7.34031.279
MinimumVisualStudioVersion = 10.0.40219.1
Project("{FAE04EC0-301F-11D3-BF4B-00C04F79EFBC}") = "BTCNPM", "BTCNPM\BTCNPM.csproj", "{4EA23E6D-0934-437A-88F1-E5928DA50A1A}"
EndProject
Global
	GlobalSection(SolutionConfigurationPlatforms) = preSolution
		Debug|Any CPU = Debug|Any CPU
		Release|Any CPU = Release|Any CPU
	EndGlobalSection
	GlobalSection(ProjectConfigurationPlatforms) = postSolution
		{4EA23E6D-0934-437A-88F1-E5928DA50A1A}.Debug|Any CPU.ActiveCfg = Debug|Any CPU
		{4EA23E6D-0934-437A-88F1-E5928DA50A1A}.Debug|Any CPU.Build.0 = Debug|Any CPU
		{4EA23E6D-0934-437A-88F1-E5928DA50A1A}.Release|Any CPU.ActiveCfg = Release|Any CPU
		{4EA23E6D-0934-437A-88F1-E5928DA50A1A}.Release|Any CPU.Build.0 = Release|Any CPU
	EndGlobalSection
	GlobalSection(SolutionProperties) = preSolution
		HideSolutionNode = FALSE
	EndGlobalSection
	GlobalSection(ExtensibilityGlobals) = postSolution
		SolutionGuid = {E3933E8C-935C-4B11-843E-115F2890AC9C}
	EndGlobalSection
EndGlobal
